PODS:
  - JustLayout (1.2.1)
  - WKWebViewController (1.1.0):
    - JustLayout

DEPENDENCIES:
  - WKWebViewController (from `../`)

EXTERNAL SOURCES:
  WKWebViewController:
    :path: ../

SPEC CHECKSUMS:
  JustLayout: 3015f2e0d923f20cfa64ebf8830e2288e199486e
  WKWebViewController: 1db2e9111d3f3e66da41382f3e4bc17db6154618

PODFILE CHECKSUM: 062c96d656d3cc60990854068817a19657ddbf24

COCOAPODS: 1.4.0
