PODS:
  - WKWebViewController (1.0.2)

DEPENDENCIES:
  - WKWebViewController (from `../`)

EXTERNAL SOURCES:
  WKWebViewController:
    :path: ../

SPEC CHECKSUMS:
  WKWebViewController: 26172371ff1996c14db8f8c1927c6b841c712f45

PODFILE CHECKSUM: 062c96d656d3cc60990854068817a19657ddbf24

COCOAPODS: 1.4.0
