PODS:
  - WKWebViewController (1.0.1)

DEPENDENCIES:
  - WKWebViewController (from `../`)

EXTERNAL SOURCES:
  WKWebViewController:
    :path: ../

SPEC CHECKSUMS:
  WKWebViewController: 99de8fe8611c41270bedcfd6bc71d2e43b5695bb

PODFILE CHECKSUM: 062c96d656d3cc60990854068817a19657ddbf24

COCOAPODS: 1.4.0
